// !$*UTF8*$!
{
	archiveVersion = 1;
	classes = {
	};
	objectVersion = 46;
	objects = {

/* Begin PBXBuildFile section */
		6E3219BB1ACCFBF600CBCAAA /* Friend.m in Sources */ = {isa = PBXBuildFile; fileRef = 6E3219BA1ACCFBF600CBCAAA /* Friend.m */; };
		6E3219BE1ACCFBF600CBCAAA /* Book.m in Sources */ = {isa = PBXBuildFile; fileRef = 6E3219BD1ACCFBF600CBCAAA /* Book.m */; };
		6E3219C11ACCFBF600CBCAAA /* Comment.m in Sources */ = {isa = PBXBuildFile; fileRef = 6E3219C01ACCFBF600CBCAAA /* Comment.m */; };
		6E3219C41ACDA10200CBCAAA /* FriendSubclass.m in Sources */ = {isa = PBXBuildFile; fileRef = 6E3219C31ACDA10200CBCAAA /* FriendSubclass.m */; };
		6EFD6D9A1ACC9EAF001C2CBA /* main.m in Sources */ = {isa = PBXBuildFile; fileRef = 6EFD6D991ACC9EAF001C2CBA /* main.m */; };
		6EFD6D9D1ACC9EAF001C2CBA /* AppDelegate.m in Sources */ = {isa = PBXBuildFile; fileRef = 6EFD6D9C1ACC9EAF001C2CBA /* AppDelegate.m */; };
		6EFD6DA01ACC9EAF001C2CBA /* BookClub.xcdatamodeld in Sources */ = {isa = PBXBuildFile; fileRef = 6EFD6D9E1ACC9EAF001C2CBA /* BookClub.xcdatamodeld */; };
		6EFD6DA31ACC9EAF001C2CBA /* RootViewController.m in Sources */ = {isa = PBXBuildFile; fileRef = 6EFD6DA21ACC9EAF001C2CBA /* RootViewController.m */; };
		6EFD6DA61ACC9EAF001C2CBA /* Main.storyboard in Resources */ = {isa = PBXBuildFile; fileRef = 6EFD6DA41ACC9EAF001C2CBA /* Main.storyboard */; };
		6EFD6DA81ACC9EAF001C2CBA /* Images.xcassets in Resources */ = {isa = PBXBuildFile; fileRef = 6EFD6DA71ACC9EAF001C2CBA /* Images.xcassets */; };
		6EFD6DAB1ACC9EAF001C2CBA /* LaunchScreen.xib in Resources */ = {isa = PBXBuildFile; fileRef = 6EFD6DA91ACC9EAF001C2CBA /* LaunchScreen.xib */; };
		6EFD6DB71ACC9EAF001C2CBA /* BookClubTests.m in Sources */ = {isa = PBXBuildFile; fileRef = 6EFD6DB61ACC9EAF001C2CBA /* BookClubTests.m */; };
		6EFD6DC11ACCB30D001C2CBA /* person.png in Resources */ = {isa = PBXBuildFile; fileRef = 6EFD6DC01ACCB30D001C2CBA /* person.png */; };
		6EFD6DC41ACCB770001C2CBA /* ListPeopleViewController.m in Sources */ = {isa = PBXBuildFile; fileRef = 6EFD6DC31ACCB770001C2CBA /* ListPeopleViewController.m */; };
		6EFD6DC71ACCB79E001C2CBA /* OneFriendViewController.m in Sources */ = {isa = PBXBuildFile; fileRef = 6EFD6DC61ACCB79E001C2CBA /* OneFriendViewController.m */; };
		6EFD6DCA1ACCB7BE001C2CBA /* OneBookViewController.m in Sources */ = {isa = PBXBuildFile; fileRef = 6EFD6DC91ACCB7BE001C2CBA /* OneBookViewController.m */; };
		6EFD6DCD1ACCB7DD001C2CBA /* AddBookViewController.m in Sources */ = {isa = PBXBuildFile; fileRef = 6EFD6DCC1ACCB7DD001C2CBA /* AddBookViewController.m */; };
/* End PBXBuildFile section */

/* Begin PBXContainerItemProxy section */
		6EFD6DB11ACC9EAF001C2CBA /* PBXContainerItemProxy */ = {
			isa = PBXContainerItemProxy;
			containerPortal = 6EFD6D8C1ACC9EAF001C2CBA /* Project object */;
			proxyType = 1;
			remoteGlobalIDString = 6EFD6D931ACC9EAF001C2CBA;
			remoteInfo = BookClub;
		};
/* End PBXContainerItemProxy section */

/* Begin PBXFileReference section */
		6E3219B91ACCFBF600CBCAAA /* Friend.h */ = {isa = PBXFileReference; fileEncoding = 4; lastKnownFileType = sourcecode.c.h; path = Friend.h; sourceTree = "<group>"; };
		6E3219BA1ACCFBF600CBCAAA /* Friend.m */ = {isa = PBXFileReference; fileEncoding = 4; lastKnownFileType = sourcecode.c.objc; path = Friend.m; sourceTree = "<group>"; };
		6E3219BC1ACCFBF600CBCAAA /* Book.h */ = {isa = PBXFileReference; fileEncoding = 4; lastKnownFileType = sourcecode.c.h; path = Book.h; sourceTree = "<group>"; };
		6E3219BD1ACCFBF600CBCAAA /* Book.m */ = {isa = PBXFileReference; fileEncoding = 4; lastKnownFileType = sourcecode.c.objc; path = Book.m; sourceTree = "<group>"; };
		6E3219BF1ACCFBF600CBCAAA /* Comment.h */ = {isa = PBXFileReference; fileEncoding = 4; lastKnownFileType = sourcecode.c.h; path = Comment.h; sourceTree = "<group>"; };
		6E3219C01ACCFBF600CBCAAA /* Comment.m */ = {isa = PBXFileReference; fileEncoding = 4; lastKnownFileType = sourcecode.c.objc; path = Comment.m; sourceTree = "<group>"; };
		6E3219C21ACDA10200CBCAAA /* FriendSubclass.h */ = {isa = PBXFileReference; fileEncoding = 4; lastKnownFileType = sourcecode.c.h; path = FriendSubclass.h; sourceTree = "<group>"; };
		6E3219C31ACDA10200CBCAAA /* FriendSubclass.m */ = {isa = PBXFileReference; fileEncoding = 4; lastKnownFileType = sourcecode.c.objc; path = FriendSubclass.m; sourceTree = "<group>"; };
		6EFD6D941ACC9EAF001C2CBA /* BookClub.app */ = {isa = PBXFileReference; explicitFileType = wrapper.application; includeInIndex = 0; path = BookClub.app; sourceTree = BUILT_PRODUCTS_DIR; };
		6EFD6D981ACC9EAF001C2CBA /* Info.plist */ = {isa = PBXFileReference; lastKnownFileType = text.plist.xml; path = Info.plist; sourceTree = "<group>"; };
		6EFD6D991ACC9EAF001C2CBA /* main.m */ = {isa = PBXFileReference; lastKnownFileType = sourcecode.c.objc; path = main.m; sourceTree = "<group>"; };
		6EFD6D9B1ACC9EAF001C2CBA /* AppDelegate.h */ = {isa = PBXFileReference; lastKnownFileType = sourcecode.c.h; path = AppDelegate.h; sourceTree = "<group>"; };
		6EFD6D9C1ACC9EAF001C2CBA /* AppDelegate.m */ = {isa = PBXFileReference; lastKnownFileType = sourcecode.c.objc; path = AppDelegate.m; sourceTree = "<group>"; };
		6EFD6D9F1ACC9EAF001C2CBA /* BookClub.xcdatamodel */ = {isa = PBXFileReference; lastKnownFileType = wrapper.xcdatamodel; path = BookClub.xcdatamodel; sourceTree = "<group>"; };
		6EFD6DA11ACC9EAF001C2CBA /* RootViewController.h */ = {isa = PBXFileReference; lastKnownFileType = sourcecode.c.h; path = RootViewController.h; sourceTree = "<group>"; };
		6EFD6DA21ACC9EAF001C2CBA /* RootViewController.m */ = {isa = PBXFileReference; lastKnownFileType = sourcecode.c.objc; path = RootViewController.m; sourceTree = "<group>"; };
		6EFD6DA51ACC9EAF001C2CBA /* Base */ = {isa = PBXFileReference; lastKnownFileType = file.storyboard; name = Base; path = Base.lproj/Main.storyboard; sourceTree = "<group>"; };
		6EFD6DA71ACC9EAF001C2CBA /* Images.xcassets */ = {isa = PBXFileReference; lastKnownFileType = folder.assetcatalog; path = Images.xcassets; sourceTree = "<group>"; };
		6EFD6DAA1ACC9EAF001C2CBA /* Base */ = {isa = PBXFileReference; lastKnownFileType = file.xib; name = Base; path = Base.lproj/LaunchScreen.xib; sourceTree = "<group>"; };
		6EFD6DB01ACC9EAF001C2CBA /* BookClubTests.xctest */ = {isa = PBXFileReference; explicitFileType = wrapper.cfbundle; includeInIndex = 0; path = BookClubTests.xctest; sourceTree = BUILT_PRODUCTS_DIR; };
		6EFD6DB51ACC9EAF001C2CBA /* Info.plist */ = {isa = PBXFileReference; lastKnownFileType = text.plist.xml; path = Info.plist; sourceTree = "<group>"; };
		6EFD6DB61ACC9EAF001C2CBA /* BookClubTests.m */ = {isa = PBXFileReference; lastKnownFileType = sourcecode.c.objc; path = BookClubTests.m; sourceTree = "<group>"; };
		6EFD6DC01ACCB30D001C2CBA /* person.png */ = {isa = PBXFileReference; lastKnownFileType = image.png; path = person.png; sourceTree = "<group>"; };
		6EFD6DC21ACCB770001C2CBA /* ListPeopleViewController.h */ = {isa = PBXFileReference; fileEncoding = 4; lastKnownFileType = sourcecode.c.h; path = ListPeopleViewController.h; sourceTree = "<group>"; };
		6EFD6DC31ACCB770001C2CBA /* ListPeopleViewController.m */ = {isa = PBXFileReference; fileEncoding = 4; lastKnownFileType = sourcecode.c.objc; path = ListPeopleViewController.m; sourceTree = "<group>"; };
		6EFD6DC51ACCB79E001C2CBA /* OneFriendViewController.h */ = {isa = PBXFileReference; fileEncoding = 4; lastKnownFileType = sourcecode.c.h; path = OneFriendViewController.h; sourceTree = "<group>"; };
		6EFD6DC61ACCB79E001C2CBA /* OneFriendViewController.m */ = {isa = PBXFileReference; fileEncoding = 4; lastKnownFileType = sourcecode.c.objc; path = OneFriendViewController.m; sourceTree = "<group>"; };
		6EFD6DC81ACCB7BE001C2CBA /* OneBookViewController.h */ = {isa = PBXFileReference; fileEncoding = 4; lastKnownFileType = sourcecode.c.h; path = OneBookViewController.h; sourceTree = "<group>"; };
		6EFD6DC91ACCB7BE001C2CBA /* OneBookViewController.m */ = {isa = PBXFileReference; fileEncoding = 4; lastKnownFileType = sourcecode.c.objc; path = OneBookViewController.m; sourceTree = "<group>"; };
		6EFD6DCB1ACCB7DD001C2CBA /* AddBookViewController.h */ = {isa = PBXFileReference; fileEncoding = 4; lastKnownFileType = sourcecode.c.h; path = AddBookViewController.h; sourceTree = "<group>"; };
		6EFD6DCC1ACCB7DD001C2CBA /* AddBookViewController.m */ = {isa = PBXFileReference; fileEncoding = 4; lastKnownFileType = sourcecode.c.objc; path = AddBookViewController.m; sourceTree = "<group>"; };
/* End PBXFileReference section */

/* Begin PBXFrameworksBuildPhase section */
		6EFD6D911ACC9EAF001C2CBA /* Frameworks */ = {
			isa = PBXFrameworksBuildPhase;
			buildActionMask = 2147483647;
			files = (
			);
			runOnlyForDeploymentPostprocessing = 0;
		};
		6EFD6DAD1ACC9EAF001C2CBA /* Frameworks */ = {
			isa = PBXFrameworksBuildPhase;
			buildActionMask = 2147483647;
			files = (
			);
			runOnlyForDeploymentPostprocessing = 0;
		};
/* End PBXFrameworksBuildPhase section */

/* Begin PBXGroup section */
		6EFD6D8B1ACC9EAF001C2CBA = {
			isa = PBXGroup;
			children = (
				6EFD6D961ACC9EAF001C2CBA /* BookClub */,
				6EFD6DB31ACC9EAF001C2CBA /* BookClubTests */,
				6EFD6D951ACC9EAF001C2CBA /* Products */,
			);
			sourceTree = "<group>";
		};
		6EFD6D951ACC9EAF001C2CBA /* Products */ = {
			isa = PBXGroup;
			children = (
				6EFD6D941ACC9EAF001C2CBA /* BookClub.app */,
				6EFD6DB01ACC9EAF001C2CBA /* BookClubTests.xctest */,
			);
			name = Products;
			sourceTree = "<group>";
		};
		6EFD6D961ACC9EAF001C2CBA /* BookClub */ = {
			isa = PBXGroup;
			children = (
				6EFD6D9B1ACC9EAF001C2CBA /* AppDelegate.h */,
				6EFD6D9C1ACC9EAF001C2CBA /* AppDelegate.m */,
				6EFD6DA11ACC9EAF001C2CBA /* RootViewController.h */,
				6EFD6DA21ACC9EAF001C2CBA /* RootViewController.m */,
				6EFD6DA41ACC9EAF001C2CBA /* Main.storyboard */,
				6EFD6DCB1ACCB7DD001C2CBA /* AddBookViewController.h */,
				6EFD6DCC1ACCB7DD001C2CBA /* AddBookViewController.m */,
				6EFD6DC81ACCB7BE001C2CBA /* OneBookViewController.h */,
				6EFD6DC91ACCB7BE001C2CBA /* OneBookViewController.m */,
				6EFD6DC51ACCB79E001C2CBA /* OneFriendViewController.h */,
				6EFD6DC61ACCB79E001C2CBA /* OneFriendViewController.m */,
				6EFD6DC21ACCB770001C2CBA /* ListPeopleViewController.h */,
				6EFD6DC31ACCB770001C2CBA /* ListPeopleViewController.m */,
				6EFD6DA71ACC9EAF001C2CBA /* Images.xcassets */,
				6EFD6DA91ACC9EAF001C2CBA /* LaunchScreen.xib */,
				6EFD6D9E1ACC9EAF001C2CBA /* BookClub.xcdatamodeld */,
				6E3219BF1ACCFBF600CBCAAA /* Comment.h */,
				6E3219C01ACCFBF600CBCAAA /* Comment.m */,
				6E3219BC1ACCFBF600CBCAAA /* Book.h */,
				6E3219BD1ACCFBF600CBCAAA /* Book.m */,
				6E3219B91ACCFBF600CBCAAA /* Friend.h */,
				6E3219C21ACDA10200CBCAAA /* FriendSubclass.h */,
				6E3219C31ACDA10200CBCAAA /* FriendSubclass.m */,
				6E3219BA1ACCFBF600CBCAAA /* Friend.m */,
				6EFD6D971ACC9EAF001C2CBA /* Supporting Files */,
			);
			path = BookClub;
			sourceTree = "<group>";
		};
		6EFD6D971ACC9EAF001C2CBA /* Supporting Files */ = {
			isa = PBXGroup;
			children = (
				6EFD6DC01ACCB30D001C2CBA /* person.png */,
				6EFD6D981ACC9EAF001C2CBA /* Info.plist */,
				6EFD6D991ACC9EAF001C2CBA /* main.m */,
			);
			name = "Supporting Files";
			sourceTree = "<group>";
		};
		6EFD6DB31ACC9EAF001C2CBA /* BookClubTests */ = {
			isa = PBXGroup;
			children = (
				6EFD6DB61ACC9EAF001C2CBA /* BookClubTests.m */,
				6EFD6DB41ACC9EAF001C2CBA /* Supporting Files */,
			);
			path = BookClubTests;
			sourceTree = "<group>";
		};
		6EFD6DB41ACC9EAF001C2CBA /* Supporting Files */ = {
			isa = PBXGroup;
			children = (
				6EFD6DB51ACC9EAF001C2CBA /* Info.plist */,
			);
			name = "Supporting Files";
			sourceTree = "<group>";
		};
/* End PBXGroup section */

/* Begin PBXNativeTarget section */
		6EFD6D931ACC9EAF001C2CBA /* BookClub */ = {
			isa = PBXNativeTarget;
			buildConfigurationList = 6EFD6DBA1ACC9EAF001C2CBA /* Build configuration list for PBXNativeTarget "BookClub" */;
			buildPhases = (
				6EFD6D901ACC9EAF001C2CBA /* Sources */,
				6EFD6D911ACC9EAF001C2CBA /* Frameworks */,
				6EFD6D921ACC9EAF001C2CBA /* Resources */,
			);
			buildRules = (
			);
			dependencies = (
			);
			name = BookClub;
			productName = BookClub;
			productReference = 6EFD6D941ACC9EAF001C2CBA /* BookClub.app */;
			productType = "com.apple.product-type.application";
		};
		6EFD6DAF1ACC9EAF001C2CBA /* BookClubTests */ = {
			isa = PBXNativeTarget;
			buildConfigurationList = 6EFD6DBD1ACC9EAF001C2CBA /* Build configuration list for PBXNativeTarget "BookClubTests" */;
			buildPhases = (
				6EFD6DAC1ACC9EAF001C2CBA /* Sources */,
				6EFD6DAD1ACC9EAF001C2CBA /* Frameworks */,
				6EFD6DAE1ACC9EAF001C2CBA /* Resources */,
			);
			buildRules = (
			);
			dependencies = (
				6EFD6DB21ACC9EAF001C2CBA /* PBXTargetDependency */,
			);
			name = BookClubTests;
			productName = BookClubTests;
			productReference = 6EFD6DB01ACC9EAF001C2CBA /* BookClubTests.xctest */;
			productType = "com.apple.product-type.bundle.unit-test";
		};
/* End PBXNativeTarget section */

/* Begin PBXProject section */
		6EFD6D8C1ACC9EAF001C2CBA /* Project object */ = {
			isa = PBXProject;
			attributes = {
				LastUpgradeCheck = 0620;
				ORGANIZATIONNAME = "Timothy Yeh";
				TargetAttributes = {
					6EFD6D931ACC9EAF001C2CBA = {
						CreatedOnToolsVersion = 6.2;
						DevelopmentTeam = 8643MYYY27;
					};
					6EFD6DAF1ACC9EAF001C2CBA = {
						CreatedOnToolsVersion = 6.2;
						TestTargetID = 6EFD6D931ACC9EAF001C2CBA;
					};
				};
			};
			buildConfigurationList = 6EFD6D8F1ACC9EAF001C2CBA /* Build configuration list for PBXProject "BookClub" */;
			compatibilityVersion = "Xcode 3.2";
			developmentRegion = English;
			hasScannedForEncodings = 0;
			knownRegions = (
				en,
				Base,
			);
			mainGroup = 6EFD6D8B1ACC9EAF001C2CBA;
			productRefGroup = 6EFD6D951ACC9EAF001C2CBA /* Products */;
			projectDirPath = "";
			projectRoot = "";
			targets = (
				6EFD6D931ACC9EAF001C2CBA /* BookClub */,
				6EFD6DAF1ACC9EAF001C2CBA /* BookClubTests */,
			);
		};
/* End PBXProject section */

/* Begin PBXResourcesBuildPhase section */
		6EFD6D921ACC9EAF001C2CBA /* Resources */ = {
			isa = PBXResourcesBuildPhase;
			buildActionMask = 2147483647;
			files = (
				6EFD6DC11ACCB30D001C2CBA /* person.png in Resources */,
				6EFD6DA61ACC9EAF001C2CBA /* Main.storyboard in Resources */,
				6EFD6DAB1ACC9EAF001C2CBA /* LaunchScreen.xib in Resources */,
				6EFD6DA81ACC9EAF001C2CBA /* Images.xcassets in Resources */,
			);
			runOnlyForDeploymentPostprocessing = 0;
		};
		6EFD6DAE1ACC9EAF001C2CBA /* Resources */ = {
			isa = PBXResourcesBuildPhase;
			buildActionMask = 2147483647;
			files = (
			);
			runOnlyForDeploymentPostprocessing = 0;
		};
/* End PBXResourcesBuildPhase section */

/* Begin PBXSourcesBuildPhase section */
		6EFD6D901ACC9EAF001C2CBA /* Sources */ = {
			isa = PBXSourcesBuildPhase;
			buildActionMask = 2147483647;
			files = (
				6E3219BE1ACCFBF600CBCAAA /* Book.m in Sources */,
				6EFD6D9D1ACC9EAF001C2CBA /* AppDelegate.m in Sources */,
				6EFD6DCA1ACCB7BE001C2CBA /* OneBookViewController.m in Sources */,
				6E3219C41ACDA10200CBCAAA /* FriendSubclass.m in Sources */,
				6E3219C11ACCFBF600CBCAAA /* Comment.m in Sources */,
				6EFD6DC71ACCB79E001C2CBA /* OneFriendViewController.m in Sources */,
				6E3219BB1ACCFBF600CBCAAA /* Friend.m in Sources */,
				6EFD6DA01ACC9EAF001C2CBA /* BookClub.xcdatamodeld in Sources */,
				6EFD6DA31ACC9EAF001C2CBA /* RootViewController.m in Sources */,
				6EFD6DCD1ACCB7DD001C2CBA /* AddBookViewController.m in Sources */,
				6EFD6DC41ACCB770001C2CBA /* ListPeopleViewController.m in Sources */,
				6EFD6D9A1ACC9EAF001C2CBA /* main.m in Sources */,
			);
			runOnlyForDeploymentPostprocessing = 0;
		};
		6EFD6DAC1ACC9EAF001C2CBA /* Sources */ = {
			isa = PBXSourcesBuildPhase;
			buildActionMask = 2147483647;
			files = (
				6EFD6DB71ACC9EAF001C2CBA /* BookClubTests.m in Sources */,
			);
			runOnlyForDeploymentPostprocessing = 0;
		};
/* End PBXSourcesBuildPhase section */

/* Begin PBXTargetDependency section */
		6EFD6DB21ACC9EAF001C2CBA /* PBXTargetDependency */ = {
			isa = PBXTargetDependency;
			target = 6EFD6D931ACC9EAF001C2CBA /* BookClub */;
			targetProxy = 6EFD6DB11ACC9EAF001C2CBA /* PBXContainerItemProxy */;
		};
/* End PBXTargetDependency section */

/* Begin PBXVariantGroup section */
		6EFD6DA41ACC9EAF001C2CBA /* Main.storyboard */ = {
			isa = PBXVariantGroup;
			children = (
				6EFD6DA51ACC9EAF001C2CBA /* Base */,
			);
			name = Main.storyboard;
			sourceTree = "<group>";
		};
		6EFD6DA91ACC9EAF001C2CBA /* LaunchScreen.xib */ = {
			isa = PBXVariantGroup;
			children = (
				6EFD6DAA1ACC9EAF001C2CBA /* Base */,
			);
			name = LaunchScreen.xib;
			sourceTree = "<group>";
		};
/* End PBXVariantGroup section */

/* Begin XCBuildConfiguration section */
		6EFD6DB81ACC9EAF001C2CBA /* Debug */ = {
			isa = XCBuildConfiguration;
			buildSettings = {
				ALWAYS_SEARCH_USER_PATHS = NO;
				CLANG_CXX_LANGUAGE_STANDARD = "gnu++0x";
				CLANG_CXX_LIBRARY = "libc++";
				CLANG_ENABLE_MODULES = YES;
				CLANG_ENABLE_OBJC_ARC = YES;
				CLANG_WARN_BOOL_CONVERSION = YES;
				CLANG_WARN_CONSTANT_CONVERSION = YES;
				CLANG_WARN_DIRECT_OBJC_ISA_USAGE = YES_ERROR;
				CLANG_WARN_EMPTY_BODY = YES;
				CLANG_WARN_ENUM_CONVERSION = YES;
				CLANG_WARN_INT_CONVERSION = YES;
				CLANG_WARN_OBJC_ROOT_CLASS = YES_ERROR;
				CLANG_WARN_UNREACHABLE_CODE = YES;
				CLANG_WARN__DUPLICATE_METHOD_MATCH = YES;
				"CODE_SIGN_IDENTITY[sdk=iphoneos*]" = "iPhone Developer";
				COPY_PHASE_STRIP = NO;
				ENABLE_STRICT_OBJC_MSGSEND = YES;
				GCC_C_LANGUAGE_STANDARD = gnu99;
				GCC_DYNAMIC_NO_PIC = NO;
				GCC_OPTIMIZATION_LEVEL = 0;
				GCC_PREPROCESSOR_DEFINITIONS = (
					"DEBUG=1",
					"$(inherited)",
				);
				GCC_SYMBOLS_PRIVATE_EXTERN = NO;
				GCC_WARN_64_TO_32_BIT_CONVERSION = YES;
				GCC_WARN_ABOUT_RETURN_TYPE = YES_ERROR;
				GCC_WARN_UNDECLARED_SELECTOR = YES;
				GCC_WARN_UNINITIALIZED_AUTOS = YES_AGGRESSIVE;
				GCC_WARN_UNUSED_FUNCTION = YES;
				GCC_WARN_UNUSED_VARIABLE = YES;
				IPHONEOS_DEPLOYMENT_TARGET = 8.2;
				MTL_ENABLE_DEBUG_INFO = YES;
				ONLY_ACTIVE_ARCH = YES;
				SDKROOT = iphoneos;
				TARGETED_DEVICE_FAMILY = "1,2";
			};
			name = Debug;
		};
		6EFD6DB91ACC9EAF001C2CBA /* Release */ = {
			isa = XCBuildConfiguration;
			buildSettings = {
				ALWAYS_SEARCH_USER_PATHS = NO;
				CLANG_CXX_LANGUAGE_STANDARD = "gnu++0x";
				CLANG_CXX_LIBRARY = "libc++";
				CLANG_ENABLE_MODULES = YES;
				CLANG_ENABLE_OBJC_ARC = YES;
				CLANG_WARN_BOOL_CONVERSION = YES;
				CLANG_WARN_CONSTANT_CONVERSION = YES;
				CLANG_WARN_DIRECT_OBJC_ISA_USAGE = YES_ERROR;
				CLANG_WARN_EMPTY_BODY = YES;
				CLANG_WARN_ENUM_CONVERSION = YES;
				CLANG_WARN_INT_CONVERSION = YES;
				CLANG_WARN_OBJC_ROOT_CLASS = YES_ERROR;
				CLANG_WARN_UNREACHABLE_CODE = YES;
				CLANG_WARN__DUPLICATE_METHOD_MATCH = YES;
				"CODE_SIGN_IDENTITY[sdk=iphoneos*]" = "iPhone Developer";
				COPY_PHASE_STRIP = NO;
				ENABLE_NS_ASSERTIONS = NO;
				ENABLE_STRICT_OBJC_MSGSEND = YES;
				GCC_C_LANGUAGE_STANDARD = gnu99;
				GCC_WARN_64_TO_32_BIT_CONVERSION = YES;
				GCC_WARN_ABOUT_RETURN_TYPE = YES_ERROR;
				GCC_WARN_UNDECLARED_SELECTOR = YES;
				GCC_WARN_UNINITIALIZED_AUTOS = YES_AGGRESSIVE;
				GCC_WARN_UNUSED_FUNCTION = YES;
				GCC_WARN_UNUSED_VARIABLE = YES;
				IPHONEOS_DEPLOYMENT_TARGET = 8.2;
				MTL_ENABLE_DEBUG_INFO = NO;
				SDKROOT = iphoneos;
				TARGETED_DEVICE_FAMILY = "1,2";
				VALIDATE_PRODUCT = YES;
			};
			name = Release;
		};
		6EFD6DBB1ACC9EAF001C2CBA /* Debug */ = {
			isa = XCBuildConfiguration;
			buildSettings = {
				ASSETCATALOG_COMPILER_APPICON_NAME = AppIcon;
				CODE_SIGN_IDENTITY = "iPhone Developer";
				INFOPLIST_FILE = BookClub/Info.plist;
				LD_RUNPATH_SEARCH_PATHS = "$(inherited) @executable_path/Frameworks";
				PRODUCT_NAME = "$(TARGET_NAME)";
			};
			name = Debug;
		};
		6EFD6DBC1ACC9EAF001C2CBA /* Release */ = {
			isa = XCBuildConfiguration;
			buildSettings = {
				ASSETCATALOG_COMPILER_APPICON_NAME = AppIcon;
				CODE_SIGN_IDENTITY = "iPhone Developer";
				INFOPLIST_FILE = BookClub/Info.plist;
				LD_RUNPATH_SEARCH_PATHS = "$(inherited) @executable_path/Frameworks";
				PRODUCT_NAME = "$(TARGET_NAME)";
			};
			name = Release;
		};
		6EFD6DBE1ACC9EAF001C2CBA /* Debug */ = {
			isa = XCBuildConfiguration;
			buildSettings = {
				BUNDLE_LOADER = "$(TEST_HOST)";
				FRAMEWORK_SEARCH_PATHS = (
					"$(SDKROOT)/Developer/Library/Frameworks",
					"$(inherited)",
				);
				GCC_PREPROCESSOR_DEFINITIONS = (
					"DEBUG=1",
					"$(inherited)",
				);
				INFOPLIST_FILE = BookClubTests/Info.plist;
				LD_RUNPATH_SEARCH_PATHS = "$(inherited) @executable_path/Frameworks @loader_path/Frameworks";
				PRODUCT_NAME = "$(TARGET_NAME)";
				TEST_HOST = "$(BUILT_PRODUCTS_DIR)/BookClub.app/BookClub";
			};
			name = Debug;
		};
		6EFD6DBF1ACC9EAF001C2CBA /* Release */ = {
			isa = XCBuildConfiguration;
			buildSettings = {
				BUNDLE_LOADER = "$(TEST_HOST)";
				FRAMEWORK_SEARCH_PATHS = (
					"$(SDKROOT)/Developer/Library/Frameworks",
					"$(inherited)",
				);
				INFOPLIST_FILE = BookClubTests/Info.plist;
				LD_RUNPATH_SEARCH_PATHS = "$(inherited) @executable_path/Frameworks @loader_path/Frameworks";
				PRODUCT_NAME = "$(TARGET_NAME)";
				TEST_HOST = "$(BUILT_PRODUCTS_DIR)/BookClub.app/BookClub";
			};
			name = Release;
		};
/* End XCBuildConfiguration section */

/* Begin XCConfigurationList section */
		6EFD6D8F1ACC9EAF001C2CBA /* Build configuration list for PBXProject "BookClub" */ = {
			isa = XCConfigurationList;
			buildConfigurations = (
				6EFD6DB81ACC9EAF001C2CBA /* Debug */,
				6EFD6DB91ACC9EAF001C2CBA /* Release */,
			);
			defaultConfigurationIsVisible = 0;
			defaultConfigurationName = Release;
		};
		6EFD6DBA1ACC9EAF001C2CBA /* Build configuration list for PBXNativeTarget "BookClub" */ = {
			isa = XCConfigurationList;
			buildConfigurations = (
				6EFD6DBB1ACC9EAF001C2CBA /* Debug */,
				6EFD6DBC1ACC9EAF001C2CBA /* Release */,
			);
			defaultConfigurationIsVisible = 0;
			defaultConfigurationName = Release;
		};
		6EFD6DBD1ACC9EAF001C2CBA /* Build configuration list for PBXNativeTarget "BookClubTests" */ = {
			isa = XCConfigurationList;
			buildConfigurations = (
				6EFD6DBE1ACC9EAF001C2CBA /* Debug */,
				6EFD6DBF1ACC9EAF001C2CBA /* Release */,
			);
			defaultConfigurationIsVisible = 0;
			defaultConfigurationName = Release;
		};
/* End XCConfigurationList section */

/* Begin XCVersionGroup section */
		6EFD6D9E1ACC9EAF001C2CBA /* BookClub.xcdatamodeld */ = {
			isa = XCVersionGroup;
			children = (
				6EFD6D9F1ACC9EAF001C2CBA /* BookClub.xcdatamodel */,
			);
			currentVersion = 6EFD6D9F1ACC9EAF001C2CBA /* BookClub.xcdatamodel */;
			path = BookClub.xcdatamodeld;
			sourceTree = "<group>";
			versionGroupType = wrapper.xcdatamodel;
		};
/* End XCVersionGroup section */
	};
	rootObject = 6EFD6D8C1ACC9EAF001C2CBA /* Project object */;
}
